
Microsoft Visual Studio Solution File, Format Version 12.00
# Visual Studio Version 17
VisualStudioVersion = 17.10.34928.147
MinimumVisualStudioVersion = 10.0.40219.1
Project("{2150E333-8FDC-42A3-9474-1A3956D46DE8}") = "Services", "Services", "{D6DFF23F-2D31-4499-9049-2D4740030633}"
EndProject
Project("{2150E333-8FDC-42A3-9474-1A3956D46DE8}") = "Users", "Users", "{FB6564C6-CDD5-42AF-9900-AC1F742A9A09}"
EndProject
Project("{9A19103F-16F7-4668-BE54-9A1E7A4F7556}") = "PhotoSi.Users.API", "src\PhotoSi.Users.API\PhotoSi.Users.API.csproj", "{6AF25ACF-E7E7-48B7-BC8B-AB11902715D0}"
EndProject
Project("{9A19103F-16F7-4668-BE54-9A1E7A4F7556}") = "PhotoSi.Users.Application", "src\PhotoSi.Users.Application\PhotoSi.Users.Application.csproj", "{1740C8E3-A433-44A7-AC09-43850AE4DB60}"
EndProject
Project("{9A19103F-16F7-4668-BE54-9A1E7A4F7556}") = "PhotoSi.Users.Infrastracture", "src\PhotoSi.Users.Infrastracture\PhotoSi.Users.Infrastracture.csproj", "{811D7787-301D-46AD-9F13-C49B95233918}"
EndProject
Project("{2150E333-8FDC-42A3-9474-1A3956D46DE8}") = "Products", "Products", "{F5816BD9-6769-4BBB-89C8-4D465BBBC8DB}"
EndProject
Project("{9A19103F-16F7-4668-BE54-9A1E7A4F7556}") = "PhotoSi.Products.API", "src\PhotoSi.Products.API\PhotoSi.Products.API.csproj", "{F9A47304-421C-449F-903A-215E66678B28}"
EndProject
Project("{9A19103F-16F7-4668-BE54-9A1E7A4F7556}") = "PhotoSi.Products.Application", "src\PhotoSi.Products.Application\PhotoSi.Products.Application.csproj", "{480D4145-7456-4E8D-B618-10CB216094D1}"
EndProject
Project("{2150E333-8FDC-42A3-9474-1A3956D46DE8}") = "Orders", "Orders", "{64ED75CE-A609-4033-A5CA-356A26649AA3}"
EndProject
Project("{9A19103F-16F7-4668-BE54-9A1E7A4F7556}") = "PhotoSi.Orders.API", "src\PhotoSi.Orders.API\PhotoSi.Orders.API.csproj", "{3CA8FA02-697D-4CA7-847E-7B723F3A3F69}"
EndProject
Project("{9A19103F-16F7-4668-BE54-9A1E7A4F7556}") = "PhotoSi.Orders.Infrastracture", "src\PhotoSi.Orders.Infrastracture\PhotoSi.Orders.Infrastracture.csproj", "{89DA3CC7-375B-4377-B44E-83E36AA9CAEC}"
EndProject
Project("{9A19103F-16F7-4668-BE54-9A1E7A4F7556}") = "PhotoSi.Orders.Application", "src\PhotoSi.Orders.Application\PhotoSi.Orders.Application.csproj", "{BBB0BF7D-8A74-468D-B800-41143C13A8A7}"
EndProject
Project("{9A19103F-16F7-4668-BE54-9A1E7A4F7556}") = "PhotoSi.Products.Infrastracture", "src\PhotoSi.Products.Infrastracture\PhotoSi.Products.Infrastracture.csproj", "{CB06AE4D-3015-41F9-879E-BB674E3A502E}"
EndProject
Project("{9A19103F-16F7-4668-BE54-9A1E7A4F7556}") = "PhotoSi.Orders.UnitTest", "src\PhotoSi.Orders.UnitTest\PhotoSi.Orders.UnitTest.csproj", "{207B0DA1-6A6D-40F7-97BF-757D6945C8ED}"
EndProject
Project("{9A19103F-16F7-4668-BE54-9A1E7A4F7556}") = "PhotoSi.Products.UnitTest", "src\PhotoSi.Products.UnitTest\PhotoSi.Products.UnitTest.csproj", "{985081C4-D719-4825-8C80-18762787B1ED}"
EndProject
Project("{9A19103F-16F7-4668-BE54-9A1E7A4F7556}") = "PhotoSi.Users.UnitTest", "src\PhotoSi.Users.UnitTest\PhotoSi.Users.UnitTest.csproj", "{B8D85325-5156-465C-B9C7-A603ED13D08D}"
EndProject
Project("{E53339B2-1760-4266-BCC7-CA923CBCF16C}") = "docker-compose", "docker-compose.dcproj", "{44AF9693-33CD-42E0-86DC-3DE191D26EFB}"
EndProject
Global
	GlobalSection(SolutionConfigurationPlatforms) = preSolution
		Debug|Any CPU = Debug|Any CPU
		Release|Any CPU = Release|Any CPU
	EndGlobalSection
	GlobalSection(ProjectConfigurationPlatforms) = postSolution
		{6AF25ACF-E7E7-48B7-BC8B-AB11902715D0}.Debug|Any CPU.ActiveCfg = Debug|Any CPU
		{6AF25ACF-E7E7-48B7-BC8B-AB11902715D0}.Debug|Any CPU.Build.0 = Debug|Any CPU
		{6AF25ACF-E7E7-48B7-BC8B-AB11902715D0}.Release|Any CPU.ActiveCfg = Release|Any CPU
		{6AF25ACF-E7E7-48B7-BC8B-AB11902715D0}.Release|Any CPU.Build.0 = Release|Any CPU
		{1740C8E3-A433-44A7-AC09-43850AE4DB60}.Debug|Any CPU.ActiveCfg = Debug|Any CPU
		{1740C8E3-A433-44A7-AC09-43850AE4DB60}.Debug|Any CPU.Build.0 = Debug|Any CPU
		{1740C8E3-A433-44A7-AC09-43850AE4DB60}.Release|Any CPU.ActiveCfg = Release|Any CPU
		{1740C8E3-A433-44A7-AC09-43850AE4DB60}.Release|Any CPU.Build.0 = Release|Any CPU
		{811D7787-301D-46AD-9F13-C49B95233918}.Debug|Any CPU.ActiveCfg = Debug|Any CPU
		{811D7787-301D-46AD-9F13-C49B95233918}.Debug|Any CPU.Build.0 = Debug|Any CPU
		{811D7787-301D-46AD-9F13-C49B95233918}.Release|Any CPU.ActiveCfg = Release|Any CPU
		{811D7787-301D-46AD-9F13-C49B95233918}.Release|Any CPU.Build.0 = Release|Any CPU
		{F9A47304-421C-449F-903A-215E66678B28}.Debug|Any CPU.ActiveCfg = Debug|Any CPU
		{F9A47304-421C-449F-903A-215E66678B28}.Debug|Any CPU.Build.0 = Debug|Any CPU
		{F9A47304-421C-449F-903A-215E66678B28}.Release|Any CPU.ActiveCfg = Release|Any CPU
		{F9A47304-421C-449F-903A-215E66678B28}.Release|Any CPU.Build.0 = Release|Any CPU
		{480D4145-7456-4E8D-B618-10CB216094D1}.Debug|Any CPU.ActiveCfg = Debug|Any CPU
		{480D4145-7456-4E8D-B618-10CB216094D1}.Debug|Any CPU.Build.0 = Debug|Any CPU
		{480D4145-7456-4E8D-B618-10CB216094D1}.Release|Any CPU.ActiveCfg = Release|Any CPU
		{480D4145-7456-4E8D-B618-10CB216094D1}.Release|Any CPU.Build.0 = Release|Any CPU
		{3CA8FA02-697D-4CA7-847E-7B723F3A3F69}.Debug|Any CPU.ActiveCfg = Debug|Any CPU
		{3CA8FA02-697D-4CA7-847E-7B723F3A3F69}.Debug|Any CPU.Build.0 = Debug|Any CPU
		{3CA8FA02-697D-4CA7-847E-7B723F3A3F69}.Release|Any CPU.ActiveCfg = Release|Any CPU
		{3CA8FA02-697D-4CA7-847E-7B723F3A3F69}.Release|Any CPU.Build.0 = Release|Any CPU
		{89DA3CC7-375B-4377-B44E-83E36AA9CAEC}.Debug|Any CPU.ActiveCfg = Debug|Any CPU
		{89DA3CC7-375B-4377-B44E-83E36AA9CAEC}.Debug|Any CPU.Build.0 = Debug|Any CPU
		{89DA3CC7-375B-4377-B44E-83E36AA9CAEC}.Release|Any CPU.ActiveCfg = Release|Any CPU
		{89DA3CC7-375B-4377-B44E-83E36AA9CAEC}.Release|Any CPU.Build.0 = Release|Any CPU
		{BBB0BF7D-8A74-468D-B800-41143C13A8A7}.Debug|Any CPU.ActiveCfg = Debug|Any CPU
		{BBB0BF7D-8A74-468D-B800-41143C13A8A7}.Debug|Any CPU.Build.0 = Debug|Any CPU
		{BBB0BF7D-8A74-468D-B800-41143C13A8A7}.Release|Any CPU.ActiveCfg = Release|Any CPU
		{BBB0BF7D-8A74-468D-B800-41143C13A8A7}.Release|Any CPU.Build.0 = Release|Any CPU
		{CB06AE4D-3015-41F9-879E-BB674E3A502E}.Debug|Any CPU.ActiveCfg = Debug|Any CPU
		{CB06AE4D-3015-41F9-879E-BB674E3A502E}.Debug|Any CPU.Build.0 = Debug|Any CPU
		{CB06AE4D-3015-41F9-879E-BB674E3A502E}.Release|Any CPU.ActiveCfg = Release|Any CPU
		{CB06AE4D-3015-41F9-879E-BB674E3A502E}.Release|Any CPU.Build.0 = Release|Any CPU
		{207B0DA1-6A6D-40F7-97BF-757D6945C8ED}.Debug|Any CPU.ActiveCfg = Debug|Any CPU
		{207B0DA1-6A6D-40F7-97BF-757D6945C8ED}.Debug|Any CPU.Build.0 = Debug|Any CPU
		{207B0DA1-6A6D-40F7-97BF-757D6945C8ED}.Release|Any CPU.ActiveCfg = Release|Any CPU
		{207B0DA1-6A6D-40F7-97BF-757D6945C8ED}.Release|Any CPU.Build.0 = Release|Any CPU
		{985081C4-D719-4825-8C80-18762787B1ED}.Debug|Any CPU.ActiveCfg = Debug|Any CPU
		{985081C4-D719-4825-8C80-18762787B1ED}.Debug|Any CPU.Build.0 = Debug|Any CPU
		{985081C4-D719-4825-8C80-18762787B1ED}.Release|Any CPU.ActiveCfg = Release|Any CPU
		{985081C4-D719-4825-8C80-18762787B1ED}.Release|Any CPU.Build.0 = Release|Any CPU
		{B8D85325-5156-465C-B9C7-A603ED13D08D}.Debug|Any CPU.ActiveCfg = Debug|Any CPU
		{B8D85325-5156-465C-B9C7-A603ED13D08D}.Debug|Any CPU.Build.0 = Debug|Any CPU
		{B8D85325-5156-465C-B9C7-A603ED13D08D}.Release|Any CPU.ActiveCfg = Release|Any CPU
		{B8D85325-5156-465C-B9C7-A603ED13D08D}.Release|Any CPU.Build.0 = Release|Any CPU
		{44AF9693-33CD-42E0-86DC-3DE191D26EFB}.Debug|Any CPU.ActiveCfg = Debug|Any CPU
		{44AF9693-33CD-42E0-86DC-3DE191D26EFB}.Debug|Any CPU.Build.0 = Debug|Any CPU
		{44AF9693-33CD-42E0-86DC-3DE191D26EFB}.Release|Any CPU.ActiveCfg = Release|Any CPU
		{44AF9693-33CD-42E0-86DC-3DE191D26EFB}.Release|Any CPU.Build.0 = Release|Any CPU
	EndGlobalSection
	GlobalSection(SolutionProperties) = preSolution
		HideSolutionNode = FALSE
	EndGlobalSection
	GlobalSection(NestedProjects) = preSolution
		{FB6564C6-CDD5-42AF-9900-AC1F742A9A09} = {D6DFF23F-2D31-4499-9049-2D4740030633}
		{6AF25ACF-E7E7-48B7-BC8B-AB11902715D0} = {FB6564C6-CDD5-42AF-9900-AC1F742A9A09}
		{1740C8E3-A433-44A7-AC09-43850AE4DB60} = {FB6564C6-CDD5-42AF-9900-AC1F742A9A09}
		{811D7787-301D-46AD-9F13-C49B95233918} = {FB6564C6-CDD5-42AF-9900-AC1F742A9A09}
		{F5816BD9-6769-4BBB-89C8-4D465BBBC8DB} = {D6DFF23F-2D31-4499-9049-2D4740030633}
		{F9A47304-421C-449F-903A-215E66678B28} = {F5816BD9-6769-4BBB-89C8-4D465BBBC8DB}
		{480D4145-7456-4E8D-B618-10CB216094D1} = {F5816BD9-6769-4BBB-89C8-4D465BBBC8DB}
		{64ED75CE-A609-4033-A5CA-356A26649AA3} = {D6DFF23F-2D31-4499-9049-2D4740030633}
		{3CA8FA02-697D-4CA7-847E-7B723F3A3F69} = {64ED75CE-A609-4033-A5CA-356A26649AA3}
		{89DA3CC7-375B-4377-B44E-83E36AA9CAEC} = {64ED75CE-A609-4033-A5CA-356A26649AA3}
		{BBB0BF7D-8A74-468D-B800-41143C13A8A7} = {64ED75CE-A609-4033-A5CA-356A26649AA3}
		{CB06AE4D-3015-41F9-879E-BB674E3A502E} = {F5816BD9-6769-4BBB-89C8-4D465BBBC8DB}
		{207B0DA1-6A6D-40F7-97BF-757D6945C8ED} = {64ED75CE-A609-4033-A5CA-356A26649AA3}
		{985081C4-D719-4825-8C80-18762787B1ED} = {F5816BD9-6769-4BBB-89C8-4D465BBBC8DB}
		{B8D85325-5156-465C-B9C7-A603ED13D08D} = {FB6564C6-CDD5-42AF-9900-AC1F742A9A09}
	EndGlobalSection
	GlobalSection(ExtensibilityGlobals) = postSolution
		SolutionGuid = {FBB12771-891B-47D2-BCF1-54B57D4904A5}
	EndGlobalSection
EndGlobal
